{
  "lockfile_version": "1",
  "packages": {
    "uv@latest": {
      "last_modified": "2026-08-27T07:16:00Z",
      "resolved": "github:NixOS/nixpkgs/c27cdad491a991b11ed731760aa2ef8db0cb0410#uv",
      "source": "devbox-search",
      "version": "0.12.5",
      "systems": {
        "aarch64-darwin": {
          "outputs": [
            {
              "name": "out",
              "path": "/nix/store/71zq15rr7i4avy58y89hfgf2lhp3b7la-uv-0.12.5",
              "default": true
            }
          ],
          "store_path": "/nix/store/71zq15rr7i4avy58y89hfgf2lhp3b7la-uv-0.12.5"
        },
        "aarch64-linux": {
          "outputs": [
            {
              "name": "out",
              "path": "/nix/store/s2pqw31dkyrcym72fcdn0h9myl0yy9ix-uv-0.12.5",
              "default": true
            }
          ],
          "store_path": "/nix/store/s2pqw31dkyrcym72fcdn0h9myl0yy9ix-uv-0.12.5"
        },
        "x86_64-linux": {
          "outputs": [
            {
              "name": "out",
              "path": "/nix/store/v6av5m4035ds4558ax9sh0ywwnkjnd7b-uv-0.12.5",
              "default": true
            }
          ],
          "store_path": "/nix/store/v6av5m4035ds4558ax9sh0ywwnkjnd7b-uv-0.12.5"
        }
      }
    }
  }
}
