{
  "lockfile_version": "1",
  "packages": {
    "github:NixOS/nixpkgs/nixpkgs-unstable": {
      "last_modified": "2026-08-27T07:16:00Z",
      "resolved": "github:NixOS/nixpkgs/c27cdad491a991b11ed731760aa2ef8db0cb0410?lastModified=1787814960&narHash=sha256-PYZq1qzCJXC2zGI0mH07vrZBsw6DRBAOX0jN1pPtqOQ%3D"
    },
    "nodejs@latest": {
      "last_modified": "2026-08-27T07:16:00Z",
      "plugin_version": "0.0.4",
      "resolved": "github:NixOS/nixpkgs/c27cdad491a991b11ed731760aa2ef8db0cb0410#nodejs_26",
      "source": "devbox-search",
      "version": "26.8.0",
      "systems": {
        "aarch64-darwin": {
          "outputs": [
            {
              "name": "out",
              "path": "/nix/store/byxb7vfdrf0hhkzqbgqp5zhdyjhc1aci-nodejs-26.8.0",
              "default": true
            }
          ],
          "store_path": "/nix/store/byxb7vfdrf0hhkzqbgqp5zhdyjhc1aci-nodejs-26.8.0"
        },
        "aarch64-linux": {
          "outputs": [
            {
              "name": "out",
              "path": "/nix/store/y2br71mh69nfih9ia1fkcmx01xggr5kp-nodejs-26.8.0",
              "default": true
            }
          ],
          "store_path": "/nix/store/y2br71mh69nfih9ia1fkcmx01xggr5kp-nodejs-26.8.0"
        },
        "x86_64-linux": {
          "outputs": [
            {
              "name": "out",
              "path": "/nix/store/8w5i86b24349z1bx52irf6pdafng82i5-nodejs-26.8.0",
              "default": true
            }
          ],
          "store_path": "/nix/store/8w5i86b24349z1bx52irf6pdafng82i5-nodejs-26.8.0"
        }
      }
    },
    "pnpm@latest": {
      "last_modified": "2026-08-27T07:16:00Z",
      "resolved": "github:NixOS/nixpkgs/c27cdad491a991b11ed731760aa2ef8db0cb0410#pnpm",
      "source": "devbox-search",
      "version": "11.22.0",
      "systems": {
        "aarch64-darwin": {
          "outputs": [
            {
              "name": "out",
              "path": "/nix/store/z0rlx5672gdlfb3830irk026yfwz8kyp-pnpm-11.22.0",
              "default": true
            }
          ],
          "store_path": "/nix/store/z0rlx5672gdlfb3830irk026yfwz8kyp-pnpm-11.22.0"
        },
        "aarch64-linux": {
          "outputs": [
            {
              "name": "out",
              "path": "/nix/store/ym3qz78cr56fcc28v3d6paxnjs9v5gqw-pnpm-11.22.0",
              "default": true
            }
          ],
          "store_path": "/nix/store/ym3qz78cr56fcc28v3d6paxnjs9v5gqw-pnpm-11.22.0"
        },
        "x86_64-linux": {
          "outputs": [
            {
              "name": "out",
              "path": "/nix/store/33x60qag0i4ri26wvvkp4lb3hhqw6fsc-pnpm-11.22.0",
              "default": true
            }
          ],
          "store_path": "/nix/store/33x60qag0i4ri26wvvkp4lb3hhqw6fsc-pnpm-11.22.0"
        }
      }
    },
    "turbo@latest": {
      "last_modified": "2026-08-27T07:16:00Z",
      "resolved": "github:NixOS/nixpkgs/c27cdad491a991b11ed731760aa2ef8db0cb0410#turbo",
      "source": "devbox-search",
      "version": "2.9.18",
      "systems": {
        "aarch64-darwin": {
          "outputs": [
            {
              "name": "out",
              "path": "/nix/store/mihrn7019csygvg7zs5axp6n9njd7f8y-turbo-2.9.18",
              "default": true
            }
          ],
          "store_path": "/nix/store/mihrn7019csygvg7zs5axp6n9njd7f8y-turbo-2.9.18"
        },
        "aarch64-linux": {
          "outputs": [
            {
              "name": "out",
              "path": "/nix/store/rmgn6klqkk8awa04hcq4bkj9a07cr2dz-turbo-2.9.18",
              "default": true
            }
          ],
          "store_path": "/nix/store/rmgn6klqkk8awa04hcq4bkj9a07cr2dz-turbo-2.9.18"
        },
        "x86_64-darwin": {
          "outputs": [
            {
              "name": "out",
              "path": "/nix/store/dlwf6d64glmad79awakc92c6idyyrslw-turbo-2.9.18",
              "default": true
            }
          ],
          "store_path": "/nix/store/dlwf6d64glmad79awakc92c6idyyrslw-turbo-2.9.18"
        },
        "x86_64-linux": {
          "outputs": [
            {
              "name": "out",
              "path": "/nix/store/y0raa6mpzm6pa4zyipxl96m0zzd9v8d6-turbo-2.9.18",
              "default": true
            }
          ],
          "store_path": "/nix/store/y0raa6mpzm6pa4zyipxl96m0zzd9v8d6-turbo-2.9.18"
        }
      }
    },
    "uv@latest": {
      "last_modified": "2026-08-27T07:16:00Z",
      "resolved": "github:NixOS/nixpkgs/c27cdad491a991b11ed731760aa2ef8db0cb0410#uv",
      "source": "devbox-search",
      "version": "0.12.5",
      "systems": {
        "aarch64-darwin": {
          "outputs": [
            {
              "name": "out",
              "path": "/nix/store/71zq15rr7i4avy58y89hfgf2lhp3b7la-uv-0.12.5",
              "default": true
            }
          ],
          "store_path": "/nix/store/71zq15rr7i4avy58y89hfgf2lhp3b7la-uv-0.12.5"
        },
        "aarch64-linux": {
          "outputs": [
            {
              "name": "out",
              "path": "/nix/store/s2pqw31dkyrcym72fcdn0h9myl0yy9ix-uv-0.12.5",
              "default": true
            }
          ],
          "store_path": "/nix/store/s2pqw31dkyrcym72fcdn0h9myl0yy9ix-uv-0.12.5"
        },
        "x86_64-linux": {
          "outputs": [
            {
              "name": "out",
              "path": "/nix/store/v6av5m4035ds4558ax9sh0ywwnkjnd7b-uv-0.12.5",
              "default": true
            }
          ],
          "store_path": "/nix/store/v6av5m4035ds4558ax9sh0ywwnkjnd7b-uv-0.12.5"
        }
      }
    }
  }
}
